{
  "name": "@traptitech/markdown-it-regexp",
  "version": "0.5.3",
  "lockfileVersion": 1,
  "requires": true,
  "dependencies": {
    "@types/linkify-it": {
      "version": "3.0.4",
      "resolved": "https://registry.npmjs.org/@types/linkify-it/-/linkify-it-3.0.4.tgz",
      "integrity": "sha512-hPpIeeHb/2UuCw06kSNAOVWgehBLXEo0/fUs0mw3W2qhqX89PI2yvok83MnuctYGCPrabGIoi0fFso4DQ+sNUQ==",
      "dev": true
    },
    "@types/markdown-it": {
      "version": "13.0.5",
      "resolved": "https://registry.npmjs.org/@types/markdown-it/-/markdown-it-13.0.5.tgz",
      "integrity": "sha512-QhJP7hkq3FCrFNx0szMNCT/79CXfcEgUIA3jc5GBfeXqoKsk3R8JZm2wRXJ2DiyjbPE4VMFOSDemLFcUTZmHEQ==",
      "dev": true,
      "requires": {
        "@types/linkify-it": "*",
        "@types/mdurl": "*"
      }
    },
    "@types/mdurl": {
      "version": "1.0.4",
      "resolved": "https://registry.npmjs.org/@types/mdurl/-/mdurl-1.0.4.tgz",
      "integrity": "sha512-ARVxjAEX5TARFRzpDRVC6cEk0hUIXCCwaMhz8y7S1/PxU6zZS1UMjyobz7q4w/D/R552r4++EhwmXK1N2rAy0A==",
      "dev": true
    }
  }
}
