{
  "name": "@traptitech/markdown-it-regexp",
  "version": "0.5.3",
  "lockfileVersion": 1,
  "requires": true,
  "dependencies": {
    "@types/highlight.js": {
      "version": "9.12.4",
      "resolved": "https://registry.npmjs.org/@types/highlight.js/-/highlight.js-9.12.4.tgz",
      "integrity": "sha512-t2szdkwmg2JJyuCM20e8kR2X59WCE5Zkl4bzm1u1Oukjm79zpbiAv+QjnwLnuuV0WHEcX2NgUItu0pAMKuOPww==",
      "dev": true
    },
    "@types/linkify-it": {
      "version": "3.0.1",
      "resolved": "https://registry.npmjs.org/@types/linkify-it/-/linkify-it-3.0.1.tgz",
      "integrity": "sha512-pQv3Sygwxxh6jYQzXaiyWDAHevJqWtqDUv6t11Sa9CPGiXny66II7Pl6PR8QO5OVysD6HYOkHMeBgIjLnk9SkQ==",
      "dev": true
    },
    "@types/markdown-it": {
      "version": "12.0.2",
      "resolved": "https://registry.npmjs.org/@types/markdown-it/-/markdown-it-12.0.2.tgz",
      "integrity": "sha512-p4DIfLMmGN0iLSbMxknDXeSm8W2ZRqQeN/1EAwVxVqJietzgp3WeP1UQjCKWDXWBcEbUa1ECx8YAfdpQdDQmZQ==",
      "dev": true,
      "requires": {
        "@types/highlight.js": "^9.7.0",
        "@types/linkify-it": "*",
        "@types/mdurl": "*"
      }
    },
    "@types/mdurl": {
      "version": "1.0.2",
      "resolved": "https://registry.npmjs.org/@types/mdurl/-/mdurl-1.0.2.tgz",
      "integrity": "sha512-eC4U9MlIcu2q0KQmXszyn5Akca/0jrQmwDRgpAMJai7qBWq4amIQhZyNau4VYGtCeALvW1/NtjzJJ567aZxfKA==",
      "dev": true
    }
  }
}
